// !$*UTF8*$!
{
	archiveVersion = 1;
	classes = {
	};
	objectVersion = 55;
	objects = {

/* Begin PBXBuildFile section */
		9CD775E827EB977200F9DF34 /* AppDelegate.swift in Sources */ = {isa = PBXBuildFile; fileRef = 9CD775E727EB977200F9DF34 /* AppDelegate.swift */; };
		9CD775EA27EB977200F9DF34 /* SceneDelegate.swift in Sources */ = {isa = PBXBuildFile; fileRef = 9CD775E927EB977200F9DF34 /* SceneDelegate.swift */; };
		9CD775EC27EB977200F9DF34 /* MainViewController.swift in Sources */ = {isa = PBXBuildFile; fileRef = 9CD775EB27EB977200F9DF34 /* MainViewController.swift */; };
		9CD775F127EB977200F9DF34 /* Assets.xcassets in Resources */ = {isa = PBXBuildFile; fileRef = 9CD775F027EB977200F9DF34 /* Assets.xcassets */; };
		9CD775F427EB977200F9DF34 /* LaunchScreen.storyboard in Resources */ = {isa = PBXBuildFile; fileRef = 9CD775F227EB977200F9DF34 /* LaunchScreen.storyboard */; };
		9CD7760227EF3C7400F9DF34 /* TimeTemperatureCollectionViewCell.swift in Sources */ = {isa = PBXBuildFile; fileRef = 9CD7760127EF3C7400F9DF34 /* TimeTemperatureCollectionViewCell.swift */; };
		9CD7762727EF9DDF00F9DF34 /* DayTemperatureTableViewCell.swift in Sources */ = {isa = PBXBuildFile; fileRef = 9CD7762627EF9DDF00F9DF34 /* DayTemperatureTableViewCell.swift */; };
		9CD7762927EFAEFE00F9DF34 /* MoreDescriptionTableViewCell.swift in Sources */ = {isa = PBXBuildFile; fileRef = 9CD7762827EFAEFE00F9DF34 /* MoreDescriptionTableViewCell.swift */; };
/* End PBXBuildFile section */

/* Begin PBXFileReference section */
		9CD775E427EB977200F9DF34 /* Weather.app */ = {isa = PBXFileReference; explicitFileType = wrapper.application; includeInIndex = 0; path = Weather.app; sourceTree = BUILT_PRODUCTS_DIR; };
		9CD775E727EB977200F9DF34 /* AppDelegate.swift */ = {isa = PBXFileReference; lastKnownFileType = sourcecode.swift; path = AppDelegate.swift; sourceTree = "<group>"; };
		9CD775E927EB977200F9DF34 /* SceneDelegate.swift */ = {isa = PBXFileReference; lastKnownFileType = sourcecode.swift; path = SceneDelegate.swift; sourceTree = "<group>"; };
		9CD775EB27EB977200F9DF34 /* MainViewController.swift */ = {isa = PBXFileReference; lastKnownFileType = sourcecode.swift; path = MainViewController.swift; sourceTree = "<group>"; };
		9CD775F027EB977200F9DF34 /* Assets.xcassets */ = {isa = PBXFileReference; lastKnownFileType = folder.assetcatalog; path = Assets.xcassets; sourceTree = "<group>"; };
		9CD775F327EB977200F9DF34 /* Base */ = {isa = PBXFileReference; lastKnownFileType = file.storyboard; name = Base; path = Base.lproj/LaunchScreen.storyboard; sourceTree = "<group>"; };
		9CD775F527EB977200F9DF34 /* Info.plist */ = {isa = PBXFileReference; lastKnownFileType = text.plist.xml; path = Info.plist; sourceTree = "<group>"; };
		9CD7760127EF3C7400F9DF34 /* TimeTemperatureCollectionViewCell.swift */ = {isa = PBXFileReference; lastKnownFileType = sourcecode.swift; path = TimeTemperatureCollectionViewCell.swift; sourceTree = "<group>"; };
		9CD7762627EF9DDF00F9DF34 /* DayTemperatureTableViewCell.swift */ = {isa = PBXFileReference; lastKnownFileType = sourcecode.swift; path = DayTemperatureTableViewCell.swift; sourceTree = "<group>"; };
		9CD7762827EFAEFE00F9DF34 /* MoreDescriptionTableViewCell.swift */ = {isa = PBXFileReference; lastKnownFileType = sourcecode.swift; path = MoreDescriptionTableViewCell.swift; sourceTree = "<group>"; };
/* End PBXFileReference section */

/* Begin PBXFrameworksBuildPhase section */
		9CD775E127EB977200F9DF34 /* Frameworks */ = {
			isa = PBXFrameworksBuildPhase;
			buildActionMask = 2147483647;
			files = (
			);
			runOnlyForDeploymentPostprocessing = 0;
		};
/* End PBXFrameworksBuildPhase section */

/* Begin PBXGroup section */
		9CD775DB27EB977200F9DF34 = {
			isa = PBXGroup;
			children = (
				9CD775E627EB977200F9DF34 /* Weather */,
				9CD775E527EB977200F9DF34 /* Products */,
			);
			sourceTree = "<group>";
		};
		9CD775E527EB977200F9DF34 /* Products */ = {
			isa = PBXGroup;
			children = (
				9CD775E427EB977200F9DF34 /* Weather.app */,
			);
			name = Products;
			sourceTree = "<group>";
		};
		9CD775E627EB977200F9DF34 /* Weather */ = {
			isa = PBXGroup;
			children = (
				9CD7760327EF44E900F9DF34 /* Views */,
				9CD775FC27EB99B400F9DF34 /* ViewControllers */,
				9CD775FE27EB99DD00F9DF34 /* Storyboards */,
				9CD775FD27EB99C800F9DF34 /* Resources */,
				9CD775FB27EB99A100F9DF34 /* App */,
			);
			path = Weather;
			sourceTree = "<group>";
		};
		9CD775FB27EB99A100F9DF34 /* App */ = {
			isa = PBXGroup;
			children = (
				9CD775E727EB977200F9DF34 /* AppDelegate.swift */,
				9CD775E927EB977200F9DF34 /* SceneDelegate.swift */,
				9CD775F527EB977200F9DF34 /* Info.plist */,
			);
			path = App;
			sourceTree = "<group>";
		};
		9CD775FC27EB99B400F9DF34 /* ViewControllers */ = {
			isa = PBXGroup;
			children = (
				9CD775EB27EB977200F9DF34 /* MainViewController.swift */,
			);
			path = ViewControllers;
			sourceTree = "<group>";
		};
		9CD775FD27EB99C800F9DF34 /* Resources */ = {
			isa = PBXGroup;
			children = (
				9CD775F027EB977200F9DF34 /* Assets.xcassets */,
			);
			path = Resources;
			sourceTree = "<group>";
		};
		9CD775FE27EB99DD00F9DF34 /* Storyboards */ = {
			isa = PBXGroup;
			children = (
				9CD775F227EB977200F9DF34 /* LaunchScreen.storyboard */,
			);
			path = Storyboards;
			sourceTree = "<group>";
		};
		9CD7760327EF44E900F9DF34 /* Views */ = {
			isa = PBXGroup;
			children = (
				9CD7760127EF3C7400F9DF34 /* TimeTemperatureCollectionViewCell.swift */,
				9CD7762627EF9DDF00F9DF34 /* DayTemperatureTableViewCell.swift */,
				9CD7762827EFAEFE00F9DF34 /* MoreDescriptionTableViewCell.swift */,
			);
			path = Views;
			sourceTree = "<group>";
		};
/* End PBXGroup section */

/* Begin PBXNativeTarget section */
		9CD775E327EB977200F9DF34 /* Weather */ = {
			isa = PBXNativeTarget;
			buildConfigurationList = 9CD775F827EB977200F9DF34 /* Build configuration list for PBXNativeTarget "Weather" */;
			buildPhases = (
				9CD775E027EB977200F9DF34 /* Sources */,
				9CD775E127EB977200F9DF34 /* Frameworks */,
				9CD775E227EB977200F9DF34 /* Resources */,
			);
			buildRules = (
			);
			dependencies = (
			);
			name = Weather;
			productName = Weather;
			productReference = 9CD775E427EB977200F9DF34 /* Weather.app */;
			productType = "com.apple.product-type.application";
		};
/* End PBXNativeTarget section */

/* Begin PBXProject section */
		9CD775DC27EB977200F9DF34 /* Project object */ = {
			isa = PBXProject;
			attributes = {
				BuildIndependentTargetsInParallel = 1;
				LastSwiftUpdateCheck = 1300;
				LastUpgradeCheck = 1300;
				TargetAttributes = {
					9CD775E327EB977200F9DF34 = {
						CreatedOnToolsVersion = 13.0;
					};
				};
			};
			buildConfigurationList = 9CD775DF27EB977200F9DF34 /* Build configuration list for PBXProject "Weather" */;
			compatibilityVersion = "Xcode 13.0";
			developmentRegion = en;
			hasScannedForEncodings = 0;
			knownRegions = (
				en,
				Base,
			);
			mainGroup = 9CD775DB27EB977200F9DF34;
			productRefGroup = 9CD775E527EB977200F9DF34 /* Products */;
			projectDirPath = "";
			projectRoot = "";
			targets = (
				9CD775E327EB977200F9DF34 /* Weather */,
			);
		};
/* End PBXProject section */

/* Begin PBXResourcesBuildPhase section */
		9CD775E227EB977200F9DF34 /* Resources */ = {
			isa = PBXResourcesBuildPhase;
			buildActionMask = 2147483647;
			files = (
				9CD775F427EB977200F9DF34 /* LaunchScreen.storyboard in Resources */,
				9CD775F127EB977200F9DF34 /* Assets.xcassets in Resources */,
			);
			runOnlyForDeploymentPostprocessing = 0;
		};
/* End PBXResourcesBuildPhase section */

/* Begin PBXSourcesBuildPhase section */
		9CD775E027EB977200F9DF34 /* Sources */ = {
			isa = PBXSourcesBuildPhase;
			buildActionMask = 2147483647;
			files = (
				9CD775EC27EB977200F9DF34 /* MainViewController.swift in Sources */,
				9CD775E827EB977200F9DF34 /* AppDelegate.swift in Sources */,
				9CD7762927EFAEFE00F9DF34 /* MoreDescriptionTableViewCell.swift in Sources */,
				9CD7762727EF9DDF00F9DF34 /* DayTemperatureTableViewCell.swift in Sources */,
				9CD7760227EF3C7400F9DF34 /* TimeTemperatureCollectionViewCell.swift in Sources */,
				9CD775EA27EB977200F9DF34 /* SceneDelegate.swift in Sources */,
			);
			runOnlyForDeploymentPostprocessing = 0;
		};
/* End PBXSourcesBuildPhase section */

/* Begin PBXVariantGroup section */
		9CD775F227EB977200F9DF34 /* LaunchScreen.storyboard */ = {
			isa = PBXVariantGroup;
			children = (
				9CD775F327EB977200F9DF34 /* Base */,
			);
			name = LaunchScreen.storyboard;
			sourceTree = "<group>";
		};
/* End PBXVariantGroup section */

/* Begin XCBuildConfiguration section */
		9CD775F627EB977200F9DF34 /* Debug */ = {
			isa = XCBuildConfiguration;
			buildSettings = {
				ALWAYS_SEARCH_USER_PATHS = NO;
				CLANG_ANALYZER_NONNULL = YES;
				CLANG_ANALYZER_NUMBER_OBJECT_CONVERSION = YES_AGGRESSIVE;
				CLANG_CXX_LANGUAGE_STANDARD = "gnu++17";
				CLANG_CXX_LIBRARY = "libc++";
				CLANG_ENABLE_MODULES = YES;
				CLANG_ENABLE_OBJC_ARC = YES;
				CLANG_ENABLE_OBJC_WEAK = YES;
				CLANG_WARN_BLOCK_CAPTURE_AUTORELEASING = YES;
				CLANG_WARN_BOOL_CONVERSION = YES;
				CLANG_WARN_COMMA = YES;
				CLANG_WARN_CONSTANT_CONVERSION = YES;
				CLANG_WARN_DEPRECATED_OBJC_IMPLEMENTATIONS = YES;
				CLANG_WARN_DIRECT_OBJC_ISA_USAGE = YES_ERROR;
				CLANG_WARN_DOCUMENTATION_COMMENTS = YES;
				CLANG_WARN_EMPTY_BODY = YES;
				CLANG_WARN_ENUM_CONVERSION = YES;
				CLANG_WARN_INFINITE_RECURSION = YES;
				CLANG_WARN_INT_CONVERSION = YES;
				CLANG_WARN_NON_LITERAL_NULL_CONVERSION = YES;
				CLANG_WARN_OBJC_IMPLICIT_RETAIN_SELF = YES;
				CLANG_WARN_OBJC_LITERAL_CONVERSION = YES;
				CLANG_WARN_OBJC_ROOT_CLASS = YES_ERROR;
				CLANG_WARN_QUOTED_INCLUDE_IN_FRAMEWORK_HEADER = YES;
				CLANG_WARN_RANGE_LOOP_ANALYSIS = YES;
				CLANG_WARN_STRICT_PROTOTYPES = YES;
				CLANG_WARN_SUSPICIOUS_MOVE = YES;
				CLANG_WARN_UNGUARDED_AVAILABILITY = YES_AGGRESSIVE;
				CLANG_WARN_UNREACHABLE_CODE = YES;
				CLANG_WARN__DUPLICATE_METHOD_MATCH = YES;
				COPY_PHASE_STRIP = NO;
				DEBUG_INFORMATION_FORMAT = dwarf;
				ENABLE_STRICT_OBJC_MSGSEND = YES;
				ENABLE_TESTABILITY = YES;
				GCC_C_LANGUAGE_STANDARD = gnu11;
				GCC_DYNAMIC_NO_PIC = NO;
				GCC_NO_COMMON_BLOCKS = YES;
				GCC_OPTIMIZATION_LEVEL = 0;
				GCC_PREPROCESSOR_DEFINITIONS = (
					"DEBUG=1",
					"$(inherited)",
				);
				GCC_WARN_64_TO_32_BIT_CONVERSION = YES;
				GCC_WARN_ABOUT_RETURN_TYPE = YES_ERROR;
				GCC_WARN_UNDECLARED_SELECTOR = YES;
				GCC_WARN_UNINITIALIZED_AUTOS = YES_AGGRESSIVE;
				GCC_WARN_UNUSED_FUNCTION = YES;
				GCC_WARN_UNUSED_VARIABLE = YES;
				IPHONEOS_DEPLOYMENT_TARGET = 13.0;
				MTL_ENABLE_DEBUG_INFO = INCLUDE_SOURCE;
				MTL_FAST_MATH = YES;
				ONLY_ACTIVE_ARCH = YES;
				SDKROOT = iphoneos;
				SWIFT_ACTIVE_COMPILATION_CONDITIONS = DEBUG;
				SWIFT_OPTIMIZATION_LEVEL = "-Onone";
			};
			name = Debug;
		};
		9CD775F727EB977200F9DF34 /* Release */ = {
			isa = XCBuildConfiguration;
			buildSettings = {
				ALWAYS_SEARCH_USER_PATHS = NO;
				CLANG_ANALYZER_NONNULL = YES;
				CLANG_ANALYZER_NUMBER_OBJECT_CONVERSION = YES_AGGRESSIVE;
				CLANG_CXX_LANGUAGE_STANDARD = "gnu++17";
				CLANG_CXX_LIBRARY = "libc++";
				CLANG_ENABLE_MODULES = YES;
				CLANG_ENABLE_OBJC_ARC = YES;
				CLANG_ENABLE_OBJC_WEAK = YES;
				CLANG_WARN_BLOCK_CAPTURE_AUTORELEASING = YES;
				CLANG_WARN_BOOL_CONVERSION = YES;
				CLANG_WARN_COMMA = YES;
				CLANG_WARN_CONSTANT_CONVERSION = YES;
				CLANG_WARN_DEPRECATED_OBJC_IMPLEMENTATIONS = YES;
				CLANG_WARN_DIRECT_OBJC_ISA_USAGE = YES_ERROR;
				CLANG_WARN_DOCUMENTATION_COMMENTS = YES;
				CLANG_WARN_EMPTY_BODY = YES;
				CLANG_WARN_ENUM_CONVERSION = YES;
				CLANG_WARN_INFINITE_RECURSION = YES;
				CLANG_WARN_INT_CONVERSION = YES;
				CLANG_WARN_NON_LITERAL_NULL_CONVERSION = YES;
				CLANG_WARN_OBJC_IMPLICIT_RETAIN_SELF = YES;
				CLANG_WARN_OBJC_LITERAL_CONVERSION = YES;
				CLANG_WARN_OBJC_ROOT_CLASS = YES_ERROR;
				CLANG_WARN_QUOTED_INCLUDE_IN_FRAMEWORK_HEADER = YES;
				CLANG_WARN_RANGE_LOOP_ANALYSIS = YES;
				CLANG_WARN_STRICT_PROTOTYPES = YES;
				CLANG_WARN_SUSPICIOUS_MOVE = YES;
				CLANG_WARN_UNGUARDED_AVAILABILITY = YES_AGGRESSIVE;
				CLANG_WARN_UNREACHABLE_CODE = YES;
				CLANG_WARN__DUPLICATE_METHOD_MATCH = YES;
				COPY_PHASE_STRIP = NO;
				DEBUG_INFORMATION_FORMAT = "dwarf-with-dsym";
				ENABLE_NS_ASSERTIONS = NO;
				ENABLE_STRICT_OBJC_MSGSEND = YES;
				GCC_C_LANGUAGE_STANDARD = gnu11;
				GCC_NO_COMMON_BLOCKS = YES;
				GCC_WARN_64_TO_32_BIT_CONVERSION = YES;
				GCC_WARN_ABOUT_RETURN_TYPE = YES_ERROR;
				GCC_WARN_UNDECLARED_SELECTOR = YES;
				GCC_WARN_UNINITIALIZED_AUTOS = YES_AGGRESSIVE;
				GCC_WARN_UNUSED_FUNCTION = YES;
				GCC_WARN_UNUSED_VARIABLE = YES;
				IPHONEOS_DEPLOYMENT_TARGET = 13.0;
				MTL_ENABLE_DEBUG_INFO = NO;
				MTL_FAST_MATH = YES;
				SDKROOT = iphoneos;
				SWIFT_COMPILATION_MODE = wholemodule;
				SWIFT_OPTIMIZATION_LEVEL = "-O";
				VALIDATE_PRODUCT = YES;
			};
			name = Release;
		};
		9CD775F927EB977200F9DF34 /* Debug */ = {
			isa = XCBuildConfiguration;
			buildSettings = {
				ASSETCATALOG_COMPILER_APPICON_NAME = AppIcon;
				ASSETCATALOG_COMPILER_GLOBAL_ACCENT_COLOR_NAME = AccentColor;
				CODE_SIGN_STYLE = Automatic;
				CURRENT_PROJECT_VERSION = 1;
				DEVELOPMENT_TEAM = JCDM2HMWLU;
				GENERATE_INFOPLIST_FILE = YES;
				INFOPLIST_FILE = Weather/App/Info.plist;
				INFOPLIST_KEY_UIApplicationSupportsIndirectInputEvents = YES;
				INFOPLIST_KEY_UILaunchStoryboardName = LaunchScreen;
				INFOPLIST_KEY_UISupportedInterfaceOrientations_iPad = "UIInterfaceOrientationPortrait UIInterfaceOrientationPortraitUpsideDown";
				INFOPLIST_KEY_UISupportedInterfaceOrientations_iPhone = UIInterfaceOrientationPortrait;
				IPHONEOS_DEPLOYMENT_TARGET = 13.0;
				LD_RUNPATH_SEARCH_PATHS = (
					"$(inherited)",
					"@executable_path/Frameworks",
				);
				MARKETING_VERSION = 1.0;
				PRODUCT_BUNDLE_IDENTIFIER = com.AnatoliiMironov.Weather;
				PRODUCT_NAME = "$(TARGET_NAME)";
				SWIFT_EMIT_LOC_STRINGS = YES;
				SWIFT_VERSION = 5.0;
				TARGETED_DEVICE_FAMILY = "1,2";
			};
			name = Debug;
		};
		9CD775FA27EB977200F9DF34 /* Release */ = {
			isa = XCBuildConfiguration;
			buildSettings = {
				ASSETCATALOG_COMPILER_APPICON_NAME = AppIcon;
				ASSETCATALOG_COMPILER_GLOBAL_ACCENT_COLOR_NAME = AccentColor;
				CODE_SIGN_STYLE = Automatic;
				CURRENT_PROJECT_VERSION = 1;
				DEVELOPMENT_TEAM = JCDM2HMWLU;
				GENERATE_INFOPLIST_FILE = YES;
				INFOPLIST_FILE = Weather/App/Info.plist;
				INFOPLIST_KEY_UIApplicationSupportsIndirectInputEvents = YES;
				INFOPLIST_KEY_UILaunchStoryboardName = LaunchScreen;
				INFOPLIST_KEY_UISupportedInterfaceOrientations_iPad = "UIInterfaceOrientationPortrait UIInterfaceOrientationPortraitUpsideDown";
				INFOPLIST_KEY_UISupportedInterfaceOrientations_iPhone = UIInterfaceOrientationPortrait;
				IPHONEOS_DEPLOYMENT_TARGET = 13.0;
				LD_RUNPATH_SEARCH_PATHS = (
					"$(inherited)",
					"@executable_path/Frameworks",
				);
				MARKETING_VERSION = 1.0;
				PRODUCT_BUNDLE_IDENTIFIER = com.AnatoliiMironov.Weather;
				PRODUCT_NAME = "$(TARGET_NAME)";
				SWIFT_EMIT_LOC_STRINGS = YES;
				SWIFT_VERSION = 5.0;
				TARGETED_DEVICE_FAMILY = "1,2";
			};
			name = Release;
		};
/* End XCBuildConfiguration section */

/* Begin XCConfigurationList section */
		9CD775DF27EB977200F9DF34 /* Build configuration list for PBXProject "Weather" */ = {
			isa = XCConfigurationList;
			buildConfigurations = (
				9CD775F627EB977200F9DF34 /* Debug */,
				9CD775F727EB977200F9DF34 /* Release */,
			);
			defaultConfigurationIsVisible = 0;
			defaultConfigurationName = Release;
		};
		9CD775F827EB977200F9DF34 /* Build configuration list for PBXNativeTarget "Weather" */ = {
			isa = XCConfigurationList;
			buildConfigurations = (
				9CD775F927EB977200F9DF34 /* Debug */,
				9CD775FA27EB977200F9DF34 /* Release */,
			);
			defaultConfigurationIsVisible = 0;
			defaultConfigurationName = Release;
		};
/* End XCConfigurationList section */
	};
	rootObject = 9CD775DC27EB977200F9DF34 /* Project object */;
}
